
Microsoft Visual Studio Solution File, Format Version 12.00
# Visual Studio Version 17
VisualStudioVersion = 17.0.32002.185
MinimumVisualStudioVersion = 10.0.40219.1
Project("{FAE04EC0-301F-11D3-BF4B-00C04F79EFBC}") = "APICondominio", "WebApplication2\APICondominio.csproj", "{727CE310-6D2A-4EBD-BDA4-8586D844EFA3}"
EndProject
Global
	GlobalSection(SolutionConfigurationPlatforms) = preSolution
		Debug|Any CPU = Debug|Any CPU
		Release|Any CPU = Release|Any CPU
	EndGlobalSection
	GlobalSection(ProjectConfigurationPlatforms) = postSolution
		{727CE310-6D2A-4EBD-BDA4-8586D844EFA3}.Debug|Any CPU.ActiveCfg = Debug|Any CPU
		{727CE310-6D2A-4EBD-BDA4-8586D844EFA3}.Debug|Any CPU.Build.0 = Debug|Any CPU
		{727CE310-6D2A-4EBD-BDA4-8586D844EFA3}.Release|Any CPU.ActiveCfg = Release|Any CPU
		{727CE310-6D2A-4EBD-BDA4-8586D844EFA3}.Release|Any CPU.Build.0 = Release|Any CPU
	EndGlobalSection
	GlobalSection(SolutionProperties) = preSolution
		HideSolutionNode = FALSE
	EndGlobalSection
	GlobalSection(ExtensibilityGlobals) = postSolution
		SolutionGuid = {E203672D-C7C7-40A5-8DD8-70D9BC1081D4}
	EndGlobalSection
EndGlobal
